
Microsoft Visual Studio Solution File, Format Version 12.00
# Visual Studio Version 16
VisualStudioVersion = 16.0.28922.388
MinimumVisualStudioVersion = 10.0.40219.1
Project("{FAE04EC0-301F-11D3-BF4B-00C04F79EFBC}") = "STU00030191Pam Imperato Fun Recommendations", "STU00030191Pam Imperato Fun Recommendations.csproj", "{F2B6965A-BD97-4107-8633-F6C86C50ECA5}"
EndProject
Global
	GlobalSection(SolutionConfigurationPlatforms) = preSolution
		Debug|Any CPU = Debug|Any CPU
		Release|Any CPU = Release|Any CPU
	EndGlobalSection
	GlobalSection(ProjectConfigurationPlatforms) = postSolution
		{F2B6965A-BD97-4107-8633-F6C86C50ECA5}.Debug|Any CPU.ActiveCfg = Debug|Any CPU
		{F2B6965A-BD97-4107-8633-F6C86C50ECA5}.Debug|Any CPU.Build.0 = Debug|Any CPU
		{F2B6965A-BD97-4107-8633-F6C86C50ECA5}.Release|Any CPU.ActiveCfg = Release|Any CPU
		{F2B6965A-BD97-4107-8633-F6C86C50ECA5}.Release|Any CPU.Build.0 = Release|Any CPU
	EndGlobalSection
	GlobalSection(SolutionProperties) = preSolution
		HideSolutionNode = FALSE
	EndGlobalSection
	GlobalSection(ExtensibilityGlobals) = postSolution
		SolutionGuid = {298DF505-A1CF-49DD-A092-D83F6BBEE595}
	EndGlobalSection
EndGlobal
